# @generated - this file is auto-generated by `mise lock` https://mise.jdx.dev/dev-tools/mise-lock.html

[[tools."github:knope-dev/knope"]]
version = "knope/v0.23.0"
backend = "github:knope-dev/knope"

[tools."github:knope-dev/knope"."platforms.linux-arm64"]
checksum = "sha256:c68758b1c3b007367ea40c22b1b1b052720557215935af09677d1561039698b4"
url = "https://github.com/knope-dev/knope/releases/download/knope/v0.23.0/knope-aarch64-unknown-linux-musl.tgz"
url_api = "https://api.github.com/repos/knope-dev/knope/releases/assets/428748410"

[tools."github:knope-dev/knope"."platforms.linux-arm64-musl"]
checksum = "sha256:c68758b1c3b007367ea40c22b1b1b052720557215935af09677d1561039698b4"
url = "https://github.com/knope-dev/knope/releases/download/knope/v0.23.0/knope-aarch64-unknown-linux-musl.tgz"
url_api = "https://api.github.com/repos/knope-dev/knope/releases/assets/428748410"

[tools."github:knope-dev/knope"."platforms.linux-x64"]
checksum = "sha256:76a970a5e237344abc14be3de37ed50c021b659a9b66b3f54afc77e6d48ac501"
url = "https://github.com/knope-dev/knope/releases/download/knope/v0.23.0/knope-x86_64-unknown-linux-musl.tgz"
url_api = "https://api.github.com/repos/knope-dev/knope/releases/assets/428748411"

[tools."github:knope-dev/knope"."platforms.linux-x64-musl"]
checksum = "sha256:76a970a5e237344abc14be3de37ed50c021b659a9b66b3f54afc77e6d48ac501"
url = "https://github.com/knope-dev/knope/releases/download/knope/v0.23.0/knope-x86_64-unknown-linux-musl.tgz"
url_api = "https://api.github.com/repos/knope-dev/knope/releases/assets/428748411"

[tools."github:knope-dev/knope"."platforms.macos-arm64"]
checksum = "sha256:a6e231cc7f02032c5b49ad14149c7d11fd48f0e244f9fb48d5c4c47ffb0e3863"
url = "https://github.com/knope-dev/knope/releases/download/knope/v0.23.0/knope-aarch64-apple-darwin.tgz"
url_api = "https://api.github.com/repos/knope-dev/knope/releases/assets/428748409"

[tools."github:knope-dev/knope"."platforms.macos-x64"]
checksum = "sha256:e403b5be532fb77238b9489555bc61ccb36ea4b4c7efc0dde1f5e5290067babe"
url = "https://github.com/knope-dev/knope/releases/download/knope/v0.23.0/knope-x86_64-apple-darwin.tgz"
url_api = "https://api.github.com/repos/knope-dev/knope/releases/assets/428748407"

[tools."github:knope-dev/knope"."platforms.windows-x64"]
checksum = "sha256:7624eaeaf4758bf94729ab2e0bc4ea11e52972eee1bcd581630212eba335fbb0"
url = "https://github.com/knope-dev/knope/releases/download/knope/v0.23.0/knope-x86_64-pc-windows-msvc.tgz"
url_api = "https://api.github.com/repos/knope-dev/knope/releases/assets/428748408"

[[tools.rust]]
version = "1.85.0"
backend = "core:rust"

[tools.rust.options]
components = "rust-analyzer"
